
Microsoft Visual Studio Solution File, Format Version 12.00
# Visual Studio Version 16
VisualStudioVersion = 16.0.32802.440
MinimumVisualStudioVersion = 10.0.40219.1
Project("{FAE04EC0-301F-11D3-BF4B-00C04F79EFBC}") = "Sulemanov practice", "Sulemanov practice\Sulemanov practice.csproj", "{EB3E6D5A-9716-48E8-AF92-BE49C32CC118}"
EndProject
Global
	GlobalSection(SolutionConfigurationPlatforms) = preSolution
		Debug|Any CPU = Debug|Any CPU
		Release|Any CPU = Release|Any CPU
	EndGlobalSection
	GlobalSection(ProjectConfigurationPlatforms) = postSolution
		{EB3E6D5A-9716-48E8-AF92-BE49C32CC118}.Debug|Any CPU.ActiveCfg = Debug|Any CPU
		{EB3E6D5A-9716-48E8-AF92-BE49C32CC118}.Debug|Any CPU.Build.0 = Debug|Any CPU
		{EB3E6D5A-9716-48E8-AF92-BE49C32CC118}.Release|Any CPU.ActiveCfg = Release|Any CPU
		{EB3E6D5A-9716-48E8-AF92-BE49C32CC118}.Release|Any CPU.Build.0 = Release|Any CPU
	EndGlobalSection
	GlobalSection(SolutionProperties) = preSolution
		HideSolutionNode = FALSE
	EndGlobalSection
	GlobalSection(ExtensibilityGlobals) = postSolution
		SolutionGuid = {1011C418-0C8E-4B80-BC9B-36717E5860E3}
	EndGlobalSection
EndGlobal
