
Microsoft Visual Studio Solution File, Format Version 12.00
# Visual Studio Version 17
VisualStudioVersion = 17.10.34916.146
MinimumVisualStudioVersion = 10.0.40219.1
Project("{FAE04EC0-301F-11D3-BF4B-00C04F79EFBC}") = "SulemanovPractice11", "SulemanovPractice11.csproj", "{69F8B749-50C3-41C1-8BFD-9B412B0B2997}"
EndProject
Global
	GlobalSection(SolutionConfigurationPlatforms) = preSolution
		Debug|Any CPU = Debug|Any CPU
		Release|Any CPU = Release|Any CPU
	EndGlobalSection
	GlobalSection(ProjectConfigurationPlatforms) = postSolution
		{69F8B749-50C3-41C1-8BFD-9B412B0B2997}.Debug|Any CPU.ActiveCfg = Debug|Any CPU
		{69F8B749-50C3-41C1-8BFD-9B412B0B2997}.Debug|Any CPU.Build.0 = Debug|Any CPU
		{69F8B749-50C3-41C1-8BFD-9B412B0B2997}.Release|Any CPU.ActiveCfg = Release|Any CPU
		{69F8B749-50C3-41C1-8BFD-9B412B0B2997}.Release|Any CPU.Build.0 = Release|Any CPU
	EndGlobalSection
	GlobalSection(SolutionProperties) = preSolution
		HideSolutionNode = FALSE
	EndGlobalSection
	GlobalSection(ExtensibilityGlobals) = postSolution
		SolutionGuid = {C10F5269-AB07-4CBA-AEDC-AA92CD3BB830}
	EndGlobalSection
EndGlobal
