
Microsoft Visual Studio Solution File, Format Version 12.00
# Visual Studio Version 17
VisualStudioVersion = 17.11.35208.52
MinimumVisualStudioVersion = 10.0.40219.1
Project("{FAE04EC0-301F-11D3-BF4B-00C04F79EFBC}") = "Практическая номер 2 Сулейманов", "Практическая номер 2 Сулейманов.csproj", "{88A870DA-0C44-42FA-AB93-7428065AD6DD}"
EndProject
Global
	GlobalSection(SolutionConfigurationPlatforms) = preSolution
		Debug|Any CPU = Debug|Any CPU
		Release|Any CPU = Release|Any CPU
	EndGlobalSection
	GlobalSection(ProjectConfigurationPlatforms) = postSolution
		{88A870DA-0C44-42FA-AB93-7428065AD6DD}.Debug|Any CPU.ActiveCfg = Debug|Any CPU
		{88A870DA-0C44-42FA-AB93-7428065AD6DD}.Debug|Any CPU.Build.0 = Debug|Any CPU
		{88A870DA-0C44-42FA-AB93-7428065AD6DD}.Release|Any CPU.ActiveCfg = Release|Any CPU
		{88A870DA-0C44-42FA-AB93-7428065AD6DD}.Release|Any CPU.Build.0 = Release|Any CPU
	EndGlobalSection
	GlobalSection(SolutionProperties) = preSolution
		HideSolutionNode = FALSE
	EndGlobalSection
	GlobalSection(ExtensibilityGlobals) = postSolution
		SolutionGuid = {6E6E50FE-07C5-4F31-92CC-D9EEF25D6B94}
	EndGlobalSection
EndGlobal
