
Microsoft Visual Studio Solution File, Format Version 12.00
# Visual Studio Version 17
VisualStudioVersion = 17.11.35312.102
MinimumVisualStudioVersion = 10.0.40219.1
Project("{FAE04EC0-301F-11D3-BF4B-00C04F79EFBC}") = "Практическая работа 15 Сулейманов", "Практическая работа 15 Сулейманов\Практическая работа 15 Сулейманов.csproj", "{B70D7064-E038-48CE-B0FA-50E15C23677C}"
EndProject
Global
	GlobalSection(SolutionConfigurationPlatforms) = preSolution
		Debug|Any CPU = Debug|Any CPU
		Release|Any CPU = Release|Any CPU
	EndGlobalSection
	GlobalSection(ProjectConfigurationPlatforms) = postSolution
		{B70D7064-E038-48CE-B0FA-50E15C23677C}.Debug|Any CPU.ActiveCfg = Debug|Any CPU
		{B70D7064-E038-48CE-B0FA-50E15C23677C}.Debug|Any CPU.Build.0 = Debug|Any CPU
		{B70D7064-E038-48CE-B0FA-50E15C23677C}.Release|Any CPU.ActiveCfg = Release|Any CPU
		{B70D7064-E038-48CE-B0FA-50E15C23677C}.Release|Any CPU.Build.0 = Release|Any CPU
	EndGlobalSection
	GlobalSection(SolutionProperties) = preSolution
		HideSolutionNode = FALSE
	EndGlobalSection
	GlobalSection(ExtensibilityGlobals) = postSolution
		SolutionGuid = {818A45E8-CCC4-4FEA-8F9A-8902CEAAD337}
	EndGlobalSection
EndGlobal
